
Microsoft Visual Studio Solution File, Format Version 12.00
# Visual Studio Version 16
VisualStudioVersion = 16.0.29424.173
MinimumVisualStudioVersion = 10.0.40219.1
Project("{FAE04EC0-301F-11D3-BF4B-00C04F79EFBC}") = "ClientServer", "ClientServerCore\ClientServer.csproj", "{97520A2C-383D-4CB0-A5B2-B9A661D606A4}"
EndProject
Global
	GlobalSection(SolutionConfigurationPlatforms) = preSolution
		Debug|Any CPU = Debug|Any CPU
		Release|Any CPU = Release|Any CPU
	EndGlobalSection
	GlobalSection(ProjectConfigurationPlatforms) = postSolution
		{97520A2C-383D-4CB0-A5B2-B9A661D606A4}.Debug|Any CPU.ActiveCfg = Debug|Any CPU
		{97520A2C-383D-4CB0-A5B2-B9A661D606A4}.Debug|Any CPU.Build.0 = Debug|Any CPU
		{97520A2C-383D-4CB0-A5B2-B9A661D606A4}.Release|Any CPU.ActiveCfg = Release|Any CPU
		{97520A2C-383D-4CB0-A5B2-B9A661D606A4}.Release|Any CPU.Build.0 = Release|Any CPU
	EndGlobalSection
	GlobalSection(SolutionProperties) = preSolution
		HideSolutionNode = FALSE
	EndGlobalSection
	GlobalSection(ExtensibilityGlobals) = postSolution
		SolutionGuid = {FB4D96FE-3CAC-4EE1-860D-62E4046858FD}
	EndGlobalSection
EndGlobal
